# THIS IS AN AUTOGENERATED FILE. DO NOT EDIT THIS FILE DIRECTLY.
# yarn lockfile v1


domq.js@^0.6.7:
  version "0.6.7"
  resolved "https://git.humaxit.com/-/nexus/repository/npm-group/domq.js/-/domq.js-0.6.7.tgz#3e7684c6281fd8ebbb406e95547f1e3faed508ec"
  integrity sha512-WwRGORo/eYGf7v7YXZ3M6x/PEoxCsP3D0my7pnAVwtbfsKRvW6qioSdlLsy1MFzfwN1TM9oO9QJcvkE8ERYmlg==

photoviewer@^3.6.2:
  version "3.6.2"
  resolved "https://git.humaxit.com/-/nexus/repository/npm-group/photoviewer/-/photoviewer-3.6.2.tgz#c661a82207a8074c763c50f7e900f1f5ae4c7cf7"
  integrity sha512-tNLMo1HKcb7+6jeawjt8rxB4HNH1kpijU5yxKE5lPNAcQJ0eBbsKYfuJ6TKPvm7+3KFCZQS+/3+9rycv0creNQ==
  dependencies:
    domq.js "^0.6.7"
